# generated by rye
# use `rye lock` or `rye sync` to update this lockfile
#
# last locked with the following flags:
#   pre: false
#   features: []
#   all-features: false
#   with-sources: false
#   generate-hashes: false

-e file:.
beautifulsoup4==4.12.3
    # via quackosm
certifi==2024.12.14
    # via pyogrio
    # via pyproj
    # via requests
charset-normalizer==3.4.1
    # via requests
classopt==0.2.1
    # via atmgeojsongen
click==8.1.8
    # via typer
duckdb==1.1.3
    # via quackosm
future==1.0.0
    # via s2sphere
geoarrow-c==0.1.2
    # via geoarrow-pyarrow
geoarrow-pandas==0.1.1
    # via quackosm
geoarrow-pyarrow==0.1.2
    # via geoarrow-pandas
    # via quackosm
geographiclib==2.0
    # via geopy
geopandas==1.0.1
    # via atmgeojsongen
    # via quackosm
geopy==2.4.1
    # via quackosm
h3==4.1.2
    # via quackosm
idna==3.10
    # via requests
markdown-it-py==3.0.0
    # via rich
mdurl==0.1.2
    # via markdown-it-py
numpy==2.2.1
    # via geopandas
    # via pandas
    # via pyogrio
    # via quackosm
    # via shapely
packaging==24.2
    # via geopandas
    # via pooch
    # via pyogrio
pandas==2.2.3
    # via geoarrow-pandas
    # via geopandas
platformdirs==4.3.6
    # via pooch
polars==1.19.0
    # via quackosm
pooch==1.8.2
    # via quackosm
psutil==6.1.1
    # via quackosm
pyarrow==18.1.0
    # via geoarrow-pandas
    # via geoarrow-pyarrow
    # via quackosm
pyarrow-hotfix==0.6
    # via geoarrow-pyarrow
pygments==2.19.1
    # via rich
pyogrio==0.10.0
    # via geopandas
pyproj==3.7.0
    # via geopandas
python-dateutil==2.9.0.post0
    # via pandas
python-geohash==0.8.5
    # via quackosm
pytz==2024.2
    # via pandas
quackosm==0.12.1
    # via atmgeojsongen
requests==2.32.3
    # via pooch
    # via quackosm
rich==13.9.4
    # via quackosm
    # via typer
s2==0.1.9
    # via quackosm
s2sphere==0.2.5
    # via s2
shapely==2.0.6
    # via geopandas
    # via quackosm
    # via s2
shellingham==1.5.4
    # via typer
six==1.17.0
    # via python-dateutil
soupsieve==2.6
    # via beautifulsoup4
tqdm==4.67.1
    # via quackosm
typeguard==4.4.1
    # via quackosm
typer==0.15.1
    # via quackosm
typing-extensions==4.12.2
    # via typeguard
    # via typer
tzdata==2024.2
    # via pandas
urllib3==2.3.0
    # via requests
